
Microsoft Visual Studio Solution File, Format Version 12.00
# Visual Studio Version 16
VisualStudioVersion = 16.0.36422.26
MinimumVisualStudioVersion = 10.0.40219.1
Project("{FAE04EC0-301F-11D3-BF4B-00C04F79EFBC}") = "NicoGetCookie", "NicoGetCookie\NicoGetCookie.csproj", "{10348FD6-2B25-4AA2-943F-3D1EE1615E92}"
EndProject
Global
	GlobalSection(SolutionConfigurationPlatforms) = preSolution
		Debug|Any CPU = Debug|Any CPU
		Release|Any CPU = Release|Any CPU
	EndGlobalSection
	GlobalSection(ProjectConfigurationPlatforms) = postSolution
		{10348FD6-2B25-4AA2-943F-3D1EE1615E92}.Debug|Any CPU.ActiveCfg = Debug|Any CPU
		{10348FD6-2B25-4AA2-943F-3D1EE1615E92}.Debug|Any CPU.Build.0 = Debug|Any CPU
		{10348FD6-2B25-4AA2-943F-3D1EE1615E92}.Release|Any CPU.ActiveCfg = Release|Any CPU
		{10348FD6-2B25-4AA2-943F-3D1EE1615E92}.Release|Any CPU.Build.0 = Release|Any CPU
	EndGlobalSection
	GlobalSection(SolutionProperties) = preSolution
		HideSolutionNode = FALSE
	EndGlobalSection
	GlobalSection(ExtensibilityGlobals) = postSolution
		SolutionGuid = {CDA46352-7F64-46A8-9856-A39FC2329AF7}
	EndGlobalSection
EndGlobal
